
Microsoft Visual Studio Solution File, Format Version 12.00
# Visual Studio Version 17
VisualStudioVersion = 17.6.33723.286
MinimumVisualStudioVersion = 10.0.40219.1
Project("{FAE04EC0-301F-11D3-BF4B-00C04F79EFBC}") = "senhaLogin", "senhaLogin\senhaLogin.csproj", "{D6E7004C-E084-4A50-A53A-23167930D31D}"
EndProject
Global
	GlobalSection(SolutionConfigurationPlatforms) = preSolution
		Debug|Any CPU = Debug|Any CPU
		Release|Any CPU = Release|Any CPU
	EndGlobalSection
	GlobalSection(ProjectConfigurationPlatforms) = postSolution
		{D6E7004C-E084-4A50-A53A-23167930D31D}.Debug|Any CPU.ActiveCfg = Debug|Any CPU
		{D6E7004C-E084-4A50-A53A-23167930D31D}.Debug|Any CPU.Build.0 = Debug|Any CPU
		{D6E7004C-E084-4A50-A53A-23167930D31D}.Release|Any CPU.ActiveCfg = Release|Any CPU
		{D6E7004C-E084-4A50-A53A-23167930D31D}.Release|Any CPU.Build.0 = Release|Any CPU
	EndGlobalSection
	GlobalSection(SolutionProperties) = preSolution
		HideSolutionNode = FALSE
	EndGlobalSection
	GlobalSection(ExtensibilityGlobals) = postSolution
		SolutionGuid = {7B9B8C11-9790-4A06-83B9-18DC3BE4AF14}
	EndGlobalSection
EndGlobal
